
Microsoft Visual Studio Solution File, Format Version 12.00
# Visual Studio 15
VisualStudioVersion = 15.0.27703.2026
MinimumVisualStudioVersion = 10.0.40219.1
Project("{FAE04EC0-301F-11D3-BF4B-00C04F79EFBC}") = "20180912", "20180912\20180912.csproj", "{965C77DF-4832-4A9E-BCA2-A6C06911CAAB}"
EndProject
Global
	GlobalSection(SolutionConfigurationPlatforms) = preSolution
		Debug|Any CPU = Debug|Any CPU
		Release|Any CPU = Release|Any CPU
	EndGlobalSection
	GlobalSection(ProjectConfigurationPlatforms) = postSolution
		{965C77DF-4832-4A9E-BCA2-A6C06911CAAB}.Debug|Any CPU.ActiveCfg = Debug|Any CPU
		{965C77DF-4832-4A9E-BCA2-A6C06911CAAB}.Debug|Any CPU.Build.0 = Debug|Any CPU
		{965C77DF-4832-4A9E-BCA2-A6C06911CAAB}.Release|Any CPU.ActiveCfg = Release|Any CPU
		{965C77DF-4832-4A9E-BCA2-A6C06911CAAB}.Release|Any CPU.Build.0 = Release|Any CPU
	EndGlobalSection
	GlobalSection(SolutionProperties) = preSolution
		HideSolutionNode = FALSE
	EndGlobalSection
	GlobalSection(ExtensibilityGlobals) = postSolution
		SolutionGuid = {48C17C84-5F6B-4748-AAB4-E59891B4DE06}
	EndGlobalSection
EndGlobal
